{
  "version": 4,
  "terraform_version": "1.12.1",
  "serial": 49,
  "lineage": "10692830-9f27-1631-c726-cdeeec380a72",
  "outputs": {
    "ws_internal_ips": {
      "value": [
        "10.0.0.32",
        "10.0.0.8"
      ],
      "type": [
        "tuple",
        [
          "string",
          "string"
        ]
      ]
    }
  },
  "resources": [
    {
      "mode": "managed",
      "type": "yandex_compute_instance",
      "name": "ws1",
      "provider": "provider[\"registry.terraform.io/yandex-cloud/yandex\"]",
      "instances": [
        {
          "schema_version": 1,
          "attributes": {
            "allow_recreate": null,
            "allow_stopping_for_update": null,
            "boot_disk": [
              {
                "auto_delete": true,
                "device_name": "fhmh532pmjiqcsklrd3m",
                "disk_id": "fhmh532pmjiqcsklrd3m",
                "initialize_params": [
                  {
                    "block_size": 4096,
                    "description": "",
                    "image_id": "fd8jfh73rvks3qlqp3ck",
                    "kms_key_id": "",
                    "name": "",
                    "size": 10,
                    "snapshot_id": "",
                    "type": "network-hdd"
                  }
                ],
                "mode": "READ_WRITE"
              }
            ],
            "created_at": "2025-07-19T21:11:19Z",
            "description": "",
            "filesystem": [],
            "folder_id": "b1gd4i3fta51rk1mssst",
            "fqdn": "ws1.ru-central1.internal",
            "gpu_cluster_id": "",
            "hardware_generation": [
              {
                "generation2_features": [],
                "legacy_features": [
                  {
                    "pci_topology": "PCI_TOPOLOGY_V1"
                  }
                ]
              }
            ],
            "hostname": "ws1",
            "id": "fhmiklmgfefljve7f1cl",
            "labels": {
              "role": "ws-linux"
            },
            "local_disk": [],
            "maintenance_grace_period": "",
            "maintenance_policy": null,
            "metadata": {
              "ssh-keys": "debian:ssh-rsa AAAAB3NzaC1yc2EAAAADAQABAAACAQDTUw55+z02YrFZzoCWmy1rffZsPqcHGNNm5fht90UOC8C5w6yGTZ7B1I1wDrBsRHt8BvlNu/agtwYjzzHqc6IfOtS4LmKumqkQEHkf1u4gGCNpwd1iIearwnfygINqhm7yi0//+Poh+7FeGJlazm+3Xk2s2ssoW15ig1T0wK/Exf1NejkfCJJNnJeYQMhQksSN5uQPzAbuf7qpC1ea3SARzIBwT+EMGxE908e+EjWzZlD5ebVaUl51Wt6OGbgE2HGtAG2tl7vnqqmRGXhkroWZsVXdfnqvJ2Uz6wn8mQGe+rL1Z4RzddJEZakHKO1rqAYmUv0L5BnhDFEiuK6Cel4CgKy++ktLG9mRwd+tmszMMXnxLyrwsZNClvmDzzes+tAuwlVQj130QurKCIGy8f9kL/YzLZkb7PCPBLdKVZsZldGQdQVrMrO2m4uqcD2+d5puQ0fcwsbSCvwDRB6uLgMzmsWkYxzG0A1IOp+G1XHA23Y7a9ghSie6/B+AwXkNnNHTwVyJBRe46JClQqrAapoYtBXapfDehjNtt536ONsHEqAU6dhNYRhozcvGcmH0MxNxyXyt/2P0Q3Ouend8PwnkHMT5O/jcFpiTZ3Biigs5mfZ8OE/x4X0DBElvWjrrIHURj/PCOjBI2EJB0IUIOCkQ7rl6VrSZlx8VDRzV0hCb4w== yandex\nssh-rsa AAAAB3NzaC1yc2EAAAADAQABAAABAQCcOqeaQTpFrIrQXhKSbKiqVWpSDaApl8MWrqD5F7zLq+hfUwqikk7baQcqF/7zsc+PpgGIlcOnP9v6+q4DQ7VGvfvbQU1LGDhogB9Dfx60KLJjthJpJVbdQRP43RBOBOyOuCfaWYqAOTpMAZL1+dxD4iD0Odnh7XpyVzl9/xmpbJbogPF+3hpS6uXc/NmXOluOBqPPL1E0Iwp3XObv65Ut3jBLuKo7xZsoBbV0IfrGF1MiLAI4WxRJ5x/LxVIegpJnzL+2remwxi3UVYm0bPK4ieR8H+Q+n2qGqTAve0ZZqBmzf0SiWTMUnD+7Pzx6QDdR7eVpcsHWEU710JHg28vt"
            },
            "metadata_options": [
              {
                "aws_v1_http_endpoint": 1,
                "aws_v1_http_token": 2,
                "gce_http_endpoint": 1,
                "gce_http_token": 1
              }
            ],
            "name": "ws1",
            "network_acceleration_type": "standard",
            "network_interface": [
              {
                "dns_record": [],
                "index": 0,
                "ip_address": "10.0.0.32",
                "ipv4": true,
                "ipv6": false,
                "ipv6_address": "",
                "ipv6_dns_record": [],
                "mac_address": "d0:0d:12:a5:6d:07",
                "nat": true,
                "nat_dns_record": [],
                "nat_ip_address": "62.84.125.136",
                "nat_ip_version": "IPV4",
                "security_group_ids": [],
                "subnet_id": "e9bro89c36m2bc0im882"
              }
            ],
            "placement_policy": [
              {
                "host_affinity_rules": [],
                "placement_group_id": "",
                "placement_group_partition": 0
              }
            ],
            "platform_id": "standard-v1",
            "resources": [
              {
                "core_fraction": 20,
                "cores": 2,
                "gpus": 0,
                "memory": 1
              }
            ],
            "scheduling_policy": [
              {
                "preemptible": true
              }
            ],
            "secondary_disk": [],
            "service_account_id": "",
            "status": "running",
            "timeouts": null,
            "zone": "ru-central1-a"
          },
          "sensitive_attributes": [],
          "identity_schema_version": 0,
          "private": "eyJlMmJmYjczMC1lY2FhLTExZTYtOGY4OC0zNDM2M2JjN2M0YzAiOnsiY3JlYXRlIjozMDAwMDAwMDAwMDAsImRlbGV0ZSI6MzAwMDAwMDAwMDAwLCJ1cGRhdGUiOjMwMDAwMDAwMDAwMH0sInNjaGVtYV92ZXJzaW9uIjoiMSJ9",
          "dependencies": [
            "yandex_vpc_network.default",
            "yandex_vpc_subnet.default"
          ]
        }
      ]
    },
    {
      "mode": "managed",
      "type": "yandex_compute_instance",
      "name": "ws2",
      "provider": "provider[\"registry.terraform.io/yandex-cloud/yandex\"]",
      "instances": [
        {
          "schema_version": 1,
          "attributes": {
            "allow_recreate": null,
            "allow_stopping_for_update": null,
            "boot_disk": [
              {
                "auto_delete": true,
                "device_name": "fhm1hpckhnj9v915bgms",
                "disk_id": "fhm1hpckhnj9v915bgms",
                "initialize_params": [
                  {
                    "block_size": 4096,
                    "description": "",
                    "image_id": "fd8jfh73rvks3qlqp3ck",
                    "kms_key_id": "",
                    "name": "",
                    "size": 10,
                    "snapshot_id": "",
                    "type": "network-hdd"
                  }
                ],
                "mode": "READ_WRITE"
              }
            ],
            "created_at": "2025-07-19T21:11:19Z",
            "description": "",
            "filesystem": [],
            "folder_id": "b1gd4i3fta51rk1mssst",
            "fqdn": "ws2.ru-central1.internal",
            "gpu_cluster_id": "",
            "hardware_generation": [
              {
                "generation2_features": [],
                "legacy_features": [
                  {
                    "pci_topology": "PCI_TOPOLOGY_V1"
                  }
                ]
              }
            ],
            "hostname": "ws2",
            "id": "fhmskp3fh3jksjb9480n",
            "labels": {
              "role": "ws-linux"
            },
            "local_disk": [],
            "maintenance_grace_period": "",
            "maintenance_policy": null,
            "metadata": {
              "ssh-keys": "debian:ssh-rsa AAAAB3NzaC1yc2EAAAADAQABAAACAQDTUw55+z02YrFZzoCWmy1rffZsPqcHGNNm5fht90UOC8C5w6yGTZ7B1I1wDrBsRHt8BvlNu/agtwYjzzHqc6IfOtS4LmKumqkQEHkf1u4gGCNpwd1iIearwnfygINqhm7yi0//+Poh+7FeGJlazm+3Xk2s2ssoW15ig1T0wK/Exf1NejkfCJJNnJeYQMhQksSN5uQPzAbuf7qpC1ea3SARzIBwT+EMGxE908e+EjWzZlD5ebVaUl51Wt6OGbgE2HGtAG2tl7vnqqmRGXhkroWZsVXdfnqvJ2Uz6wn8mQGe+rL1Z4RzddJEZakHKO1rqAYmUv0L5BnhDFEiuK6Cel4CgKy++ktLG9mRwd+tmszMMXnxLyrwsZNClvmDzzes+tAuwlVQj130QurKCIGy8f9kL/YzLZkb7PCPBLdKVZsZldGQdQVrMrO2m4uqcD2+d5puQ0fcwsbSCvwDRB6uLgMzmsWkYxzG0A1IOp+G1XHA23Y7a9ghSie6/B+AwXkNnNHTwVyJBRe46JClQqrAapoYtBXapfDehjNtt536ONsHEqAU6dhNYRhozcvGcmH0MxNxyXyt/2P0Q3Ouend8PwnkHMT5O/jcFpiTZ3Biigs5mfZ8OE/x4X0DBElvWjrrIHURj/PCOjBI2EJB0IUIOCkQ7rl6VrSZlx8VDRzV0hCb4w== yandex\nssh-rsa AAAAB3NzaC1yc2EAAAADAQABAAABAQCcOqeaQTpFrIrQXhKSbKiqVWpSDaApl8MWrqD5F7zLq+hfUwqikk7baQcqF/7zsc+PpgGIlcOnP9v6+q4DQ7VGvfvbQU1LGDhogB9Dfx60KLJjthJpJVbdQRP43RBOBOyOuCfaWYqAOTpMAZL1+dxD4iD0Odnh7XpyVzl9/xmpbJbogPF+3hpS6uXc/NmXOluOBqPPL1E0Iwp3XObv65Ut3jBLuKo7xZsoBbV0IfrGF1MiLAI4WxRJ5x/LxVIegpJnzL+2remwxi3UVYm0bPK4ieR8H+Q+n2qGqTAve0ZZqBmzf0SiWTMUnD+7Pzx6QDdR7eVpcsHWEU710JHg28vt"
            },
            "metadata_options": [
              {
                "aws_v1_http_endpoint": 1,
                "aws_v1_http_token": 2,
                "gce_http_endpoint": 1,
                "gce_http_token": 1
              }
            ],
            "name": "ws2",
            "network_acceleration_type": "standard",
            "network_interface": [
              {
                "dns_record": [],
                "index": 0,
                "ip_address": "10.0.0.8",
                "ipv4": true,
                "ipv6": false,
                "ipv6_address": "",
                "ipv6_dns_record": [],
                "mac_address": "d0:0d:1c:a6:46:f8",
                "nat": true,
                "nat_dns_record": [],
                "nat_ip_address": "89.169.142.245",
                "nat_ip_version": "IPV4",
                "security_group_ids": [],
                "subnet_id": "e9bro89c36m2bc0im882"
              }
            ],
            "placement_policy": [
              {
                "host_affinity_rules": [],
                "placement_group_id": "",
                "placement_group_partition": 0
              }
            ],
            "platform_id": "standard-v1",
            "resources": [
              {
                "core_fraction": 20,
                "cores": 2,
                "gpus": 0,
                "memory": 1
              }
            ],
            "scheduling_policy": [
              {
                "preemptible": true
              }
            ],
            "secondary_disk": [],
            "service_account_id": "",
            "status": "running",
            "timeouts": null,
            "zone": "ru-central1-a"
          },
          "sensitive_attributes": [],
          "identity_schema_version": 0,
          "private": "eyJlMmJmYjczMC1lY2FhLTExZTYtOGY4OC0zNDM2M2JjN2M0YzAiOnsiY3JlYXRlIjozMDAwMDAwMDAwMDAsImRlbGV0ZSI6MzAwMDAwMDAwMDAwLCJ1cGRhdGUiOjMwMDAwMDAwMDAwMH0sInNjaGVtYV92ZXJzaW9uIjoiMSJ9",
          "dependencies": [
            "yandex_vpc_network.default",
            "yandex_vpc_subnet.default"
          ]
        }
      ]
    },
    {
      "mode": "managed",
      "type": "yandex_vpc_network",
      "name": "default",
      "provider": "provider[\"registry.terraform.io/yandex-cloud/yandex\"]",
      "instances": [
        {
          "schema_version": 0,
          "attributes": {
            "created_at": "2025-07-19T21:11:14Z",
            "default_security_group_id": "enplv8r3r9odgr5f0gcm",
            "description": "",
            "folder_id": "b1gd4i3fta51rk1mssst",
            "id": "enphv2g8e7h2qlrt2m2u",
            "labels": {},
            "name": "net1",
            "subnet_ids": [],
            "timeouts": null
          },
          "sensitive_attributes": [],
          "identity_schema_version": 0,
          "private": "eyJlMmJmYjczMC1lY2FhLTExZTYtOGY4OC0zNDM2M2JjN2M0YzAiOnsiY3JlYXRlIjo2MDAwMDAwMDAwMCwiZGVsZXRlIjo2MDAwMDAwMDAwMCwidXBkYXRlIjo2MDAwMDAwMDAwMH19"
        }
      ]
    },
    {
      "mode": "managed",
      "type": "yandex_vpc_subnet",
      "name": "default",
      "provider": "provider[\"registry.terraform.io/yandex-cloud/yandex\"]",
      "instances": [
        {
          "schema_version": 0,
          "attributes": {
            "created_at": "2025-07-19T21:11:18Z",
            "description": "",
            "dhcp_options": [],
            "folder_id": "b1gd4i3fta51rk1mssst",
            "id": "e9bro89c36m2bc0im882",
            "labels": {},
            "name": "net-1",
            "network_id": "enphv2g8e7h2qlrt2m2u",
            "route_table_id": "",
            "timeouts": null,
            "v4_cidr_blocks": [
              "10.0.0.0/24"
            ],
            "v6_cidr_blocks": [],
            "zone": "ru-central1-a"
          },
          "sensitive_attributes": [],
          "identity_schema_version": 0,
          "private": "eyJlMmJmYjczMC1lY2FhLTExZTYtOGY4OC0zNDM2M2JjN2M0YzAiOnsiY3JlYXRlIjoxODAwMDAwMDAwMDAsImRlbGV0ZSI6MTgwMDAwMDAwMDAwLCJ1cGRhdGUiOjE4MDAwMDAwMDAwMH19",
          "dependencies": [
            "yandex_vpc_network.default"
          ]
        }
      ]
    }
  ],
  "check_results": null
}
